// !$*UTF8*$!
{
	archiveVersion = 1;
	classes = {
	};
	objectVersion = 56;
	objects = {

/* Begin PBXBuildFile section */
		09CF01562B1D9A5E00866DAB /* FitTrackerApp.swift in Sources */ = {isa = PBXBuildFile; fileRef = 09CF01552B1D9A5E00866DAB /* FitTrackerApp.swift */; };
		09CF01582B1D9A5E00866DAB /* UserLoginPage.swift in Sources */ = {isa = PBXBuildFile; fileRef = 09CF01572B1D9A5E00866DAB /* UserLoginPage.swift */; };
		09CF015A2B1D9A5F00866DAB /* Assets.xcassets in Resources */ = {isa = PBXBuildFile; fileRef = 09CF01592B1D9A5F00866DAB /* Assets.xcassets */; };
		09CF015D2B1D9A5F00866DAB /* Preview Assets.xcassets in Resources */ = {isa = PBXBuildFile; fileRef = 09CF015C2B1D9A5F00866DAB /* Preview Assets.xcassets */; };
		09CF01672B1D9A5F00866DAB /* FitTrackerTests.swift in Sources */ = {isa = PBXBuildFile; fileRef = 09CF01662B1D9A5F00866DAB /* FitTrackerTests.swift */; };
		09CF01712B1D9A5F00866DAB /* FitTrackerUITests.swift in Sources */ = {isa = PBXBuildFile; fileRef = 09CF01702B1D9A5F00866DAB /* FitTrackerUITests.swift */; };
		09CF01732B1D9A5F00866DAB /* FitTrackerUITestsLaunchTests.swift in Sources */ = {isa = PBXBuildFile; fileRef = 09CF01722B1D9A5F00866DAB /* FitTrackerUITestsLaunchTests.swift */; };
		3B0D2FF92B2C3F36004A718F /* FoodEntry.swift in Sources */ = {isa = PBXBuildFile; fileRef = 3B0D2FF82B2C3F36004A718F /* FoodEntry.swift */; };
		3B0D2FFB2B2D205B004A718F /* DiaryPage.swift in Sources */ = {isa = PBXBuildFile; fileRef = 3B0D2FFA2B2D205B004A718F /* DiaryPage.swift */; };
/* End PBXBuildFile section */

/* Begin PBXContainerItemProxy section */
		09CF01632B1D9A5F00866DAB /* PBXContainerItemProxy */ = {
			isa = PBXContainerItemProxy;
			containerPortal = 09CF014A2B1D9A5E00866DAB /* Project object */;
			proxyType = 1;
			remoteGlobalIDString = 09CF01512B1D9A5E00866DAB;
			remoteInfo = FitTracker;
		};
		09CF016D2B1D9A5F00866DAB /* PBXContainerItemProxy */ = {
			isa = PBXContainerItemProxy;
			containerPortal = 09CF014A2B1D9A5E00866DAB /* Project object */;
			proxyType = 1;
			remoteGlobalIDString = 09CF01512B1D9A5E00866DAB;
			remoteInfo = FitTracker;
		};
/* End PBXContainerItemProxy section */

/* Begin PBXFileReference section */
		09CF01522B1D9A5E00866DAB /* FitTracker.app */ = {isa = PBXFileReference; explicitFileType = wrapper.application; includeInIndex = 0; path = FitTracker.app; sourceTree = BUILT_PRODUCTS_DIR; };
		09CF01552B1D9A5E00866DAB /* FitTrackerApp.swift */ = {isa = PBXFileReference; lastKnownFileType = sourcecode.swift; path = FitTrackerApp.swift; sourceTree = "<group>"; };
		09CF01572B1D9A5E00866DAB /* UserLoginPage.swift */ = {isa = PBXFileReference; lastKnownFileType = sourcecode.swift; path = UserLoginPage.swift; sourceTree = "<group>"; };
		09CF01592B1D9A5F00866DAB /* Assets.xcassets */ = {isa = PBXFileReference; lastKnownFileType = folder.assetcatalog; path = Assets.xcassets; sourceTree = "<group>"; };
		09CF015C2B1D9A5F00866DAB /* Preview Assets.xcassets */ = {isa = PBXFileReference; lastKnownFileType = folder.assetcatalog; path = "Preview Assets.xcassets"; sourceTree = "<group>"; };
		09CF01622B1D9A5F00866DAB /* FitTrackerTests.xctest */ = {isa = PBXFileReference; explicitFileType = wrapper.cfbundle; includeInIndex = 0; path = FitTrackerTests.xctest; sourceTree = BUILT_PRODUCTS_DIR; };
		09CF01662B1D9A5F00866DAB /* FitTrackerTests.swift */ = {isa = PBXFileReference; lastKnownFileType = sourcecode.swift; path = FitTrackerTests.swift; sourceTree = "<group>"; };
		09CF016C2B1D9A5F00866DAB /* FitTrackerUITests.xctest */ = {isa = PBXFileReference; explicitFileType = wrapper.cfbundle; includeInIndex = 0; path = FitTrackerUITests.xctest; sourceTree = BUILT_PRODUCTS_DIR; };
		09CF01702B1D9A5F00866DAB /* FitTrackerUITests.swift */ = {isa = PBXFileReference; lastKnownFileType = sourcecode.swift; path = FitTrackerUITests.swift; sourceTree = "<group>"; };
		09CF01722B1D9A5F00866DAB /* FitTrackerUITestsLaunchTests.swift */ = {isa = PBXFileReference; lastKnownFileType = sourcecode.swift; path = FitTrackerUITestsLaunchTests.swift; sourceTree = "<group>"; };
		3B0D2FF82B2C3F36004A718F /* FoodEntry.swift */ = {isa = PBXFileReference; fileEncoding = 4; lastKnownFileType = sourcecode.swift; path = FoodEntry.swift; sourceTree = "<group>"; };
		3B0D2FFA2B2D205B004A718F /* DiaryPage.swift */ = {isa = PBXFileReference; fileEncoding = 4; lastKnownFileType = sourcecode.swift; name = DiaryPage.swift; path = ../../../../Downloads/DiaryPage.swift; sourceTree = "<group>"; };
/* End PBXFileReference section */

/* Begin PBXFrameworksBuildPhase section */
		09CF014F2B1D9A5E00866DAB /* Frameworks */ = {
			isa = PBXFrameworksBuildPhase;
			buildActionMask = 2147483647;
			files = (
			);
			runOnlyForDeploymentPostprocessing = 0;
		};
		09CF015F2B1D9A5F00866DAB /* Frameworks */ = {
			isa = PBXFrameworksBuildPhase;
			buildActionMask = 2147483647;
			files = (
			);
			runOnlyForDeploymentPostprocessing = 0;
		};
		09CF01692B1D9A5F00866DAB /* Frameworks */ = {
			isa = PBXFrameworksBuildPhase;
			buildActionMask = 2147483647;
			files = (
			);
			runOnlyForDeploymentPostprocessing = 0;
		};
/* End PBXFrameworksBuildPhase section */

/* Begin PBXGroup section */
		09CF01492B1D9A5E00866DAB = {
			isa = PBXGroup;
			children = (
				09CF01542B1D9A5E00866DAB /* FitTracker */,
				09CF01652B1D9A5F00866DAB /* FitTrackerTests */,
				09CF016F2B1D9A5F00866DAB /* FitTrackerUITests */,
				09CF01532B1D9A5E00866DAB /* Products */,
			);
			sourceTree = "<group>";
		};
		09CF01532B1D9A5E00866DAB /* Products */ = {
			isa = PBXGroup;
			children = (
				09CF01522B1D9A5E00866DAB /* FitTracker.app */,
				09CF01622B1D9A5F00866DAB /* FitTrackerTests.xctest */,
				09CF016C2B1D9A5F00866DAB /* FitTrackerUITests.xctest */,
			);
			name = Products;
			sourceTree = "<group>";
		};
		09CF01542B1D9A5E00866DAB /* FitTracker */ = {
			isa = PBXGroup;
			children = (
				09CF01552B1D9A5E00866DAB /* FitTrackerApp.swift */,
				09CF01572B1D9A5E00866DAB /* UserLoginPage.swift */,
				3B0D2FF82B2C3F36004A718F /* FoodEntry.swift */,
				3B0D2FFA2B2D205B004A718F /* DiaryPage.swift */,
				09CF01592B1D9A5F00866DAB /* Assets.xcassets */,
				09CF015B2B1D9A5F00866DAB /* Preview Content */,
			);
			path = FitTracker;
			sourceTree = "<group>";
		};
		09CF015B2B1D9A5F00866DAB /* Preview Content */ = {
			isa = PBXGroup;
			children = (
				09CF015C2B1D9A5F00866DAB /* Preview Assets.xcassets */,
			);
			path = "Preview Content";
			sourceTree = "<group>";
		};
		09CF01652B1D9A5F00866DAB /* FitTrackerTests */ = {
			isa = PBXGroup;
			children = (
				09CF01662B1D9A5F00866DAB /* FitTrackerTests.swift */,
			);
			path = FitTrackerTests;
			sourceTree = "<group>";
		};
		09CF016F2B1D9A5F00866DAB /* FitTrackerUITests */ = {
			isa = PBXGroup;
			children = (
				09CF01702B1D9A5F00866DAB /* FitTrackerUITests.swift */,
				09CF01722B1D9A5F00866DAB /* FitTrackerUITestsLaunchTests.swift */,
			);
			path = FitTrackerUITests;
			sourceTree = "<group>";
		};
/* End PBXGroup section */

/* Begin PBXNativeTarget section */
		09CF01512B1D9A5E00866DAB /* FitTracker */ = {
			isa = PBXNativeTarget;
			buildConfigurationList = 09CF01762B1D9A5F00866DAB /* Build configuration list for PBXNativeTarget "FitTracker" */;
			buildPhases = (
				09CF014E2B1D9A5E00866DAB /* Sources */,
				09CF014F2B1D9A5E00866DAB /* Frameworks */,
				09CF01502B1D9A5E00866DAB /* Resources */,
			);
			buildRules = (
			);
			dependencies = (
			);
			name = FitTracker;
			productName = FitTracker;
			productReference = 09CF01522B1D9A5E00866DAB /* FitTracker.app */;
			productType = "com.apple.product-type.application";
		};
		09CF01612B1D9A5F00866DAB /* FitTrackerTests */ = {
			isa = PBXNativeTarget;
			buildConfigurationList = 09CF01792B1D9A5F00866DAB /* Build configuration list for PBXNativeTarget "FitTrackerTests" */;
			buildPhases = (
				09CF015E2B1D9A5F00866DAB /* Sources */,
				09CF015F2B1D9A5F00866DAB /* Frameworks */,
				09CF01602B1D9A5F00866DAB /* Resources */,
			);
			buildRules = (
			);
			dependencies = (
				09CF01642B1D9A5F00866DAB /* PBXTargetDependency */,
			);
			name = FitTrackerTests;
			productName = FitTrackerTests;
			productReference = 09CF01622B1D9A5F00866DAB /* FitTrackerTests.xctest */;
			productType = "com.apple.product-type.bundle.unit-test";
		};
		09CF016B2B1D9A5F00866DAB /* FitTrackerUITests */ = {
			isa = PBXNativeTarget;
			buildConfigurationList = 09CF017C2B1D9A5F00866DAB /* Build configuration list for PBXNativeTarget "FitTrackerUITests" */;
			buildPhases = (
				09CF01682B1D9A5F00866DAB /* Sources */,
				09CF01692B1D9A5F00866DAB /* Frameworks */,
				09CF016A2B1D9A5F00866DAB /* Resources */,
			);
			buildRules = (
			);
			dependencies = (
				09CF016E2B1D9A5F00866DAB /* PBXTargetDependency */,
			);
			name = FitTrackerUITests;
			productName = FitTrackerUITests;
			productReference = 09CF016C2B1D9A5F00866DAB /* FitTrackerUITests.xctest */;
			productType = "com.apple.product-type.bundle.ui-testing";
		};
/* End PBXNativeTarget section */

/* Begin PBXProject section */
		09CF014A2B1D9A5E00866DAB /* Project object */ = {
			isa = PBXProject;
			attributes = {
				BuildIndependentTargetsInParallel = 1;
				LastSwiftUpdateCheck = 1500;
				LastUpgradeCheck = 1500;
				TargetAttributes = {
					09CF01512B1D9A5E00866DAB = {
						CreatedOnToolsVersion = 15.0.1;
					};
					09CF01612B1D9A5F00866DAB = {
						CreatedOnToolsVersion = 15.0.1;
						TestTargetID = 09CF01512B1D9A5E00866DAB;
					};
					09CF016B2B1D9A5F00866DAB = {
						CreatedOnToolsVersion = 15.0.1;
						TestTargetID = 09CF01512B1D9A5E00866DAB;
					};
				};
			};
			buildConfigurationList = 09CF014D2B1D9A5E00866DAB /* Build configuration list for PBXProject "FitTracker" */;
			compatibilityVersion = "Xcode 14.0";
			developmentRegion = en;
			hasScannedForEncodings = 0;
			knownRegions = (
				en,
				Base,
			);
			mainGroup = 09CF01492B1D9A5E00866DAB;
			productRefGroup = 09CF01532B1D9A5E00866DAB /* Products */;
			projectDirPath = "";
			projectRoot = "";
			targets = (
				09CF01512B1D9A5E00866DAB /* FitTracker */,
				09CF01612B1D9A5F00866DAB /* FitTrackerTests */,
				09CF016B2B1D9A5F00866DAB /* FitTrackerUITests */,
			);
		};
/* End PBXProject section */

/* Begin PBXResourcesBuildPhase section */
		09CF01502B1D9A5E00866DAB /* Resources */ = {
			isa = PBXResourcesBuildPhase;
			buildActionMask = 2147483647;
			files = (
				09CF015D2B1D9A5F00866DAB /* Preview Assets.xcassets in Resources */,
				09CF015A2B1D9A5F00866DAB /* Assets.xcassets in Resources */,
			);
			runOnlyForDeploymentPostprocessing = 0;
		};
		09CF01602B1D9A5F00866DAB /* Resources */ = {
			isa = PBXResourcesBuildPhase;
			buildActionMask = 2147483647;
			files = (
			);
			runOnlyForDeploymentPostprocessing = 0;
		};
		09CF016A2B1D9A5F00866DAB /* Resources */ = {
			isa = PBXResourcesBuildPhase;
			buildActionMask = 2147483647;
			files = (
			);
			runOnlyForDeploymentPostprocessing = 0;
		};
/* End PBXResourcesBuildPhase section */

/* Begin PBXSourcesBuildPhase section */
		09CF014E2B1D9A5E00866DAB /* Sources */ = {
			isa = PBXSourcesBuildPhase;
			buildActionMask = 2147483647;
			files = (
				3B0D2FFB2B2D205B004A718F /* DiaryPage.swift in Sources */,
				09CF01582B1D9A5E00866DAB /* UserLoginPage.swift in Sources */,
				3B0D2FF92B2C3F36004A718F /* FoodEntry.swift in Sources */,
				09CF01562B1D9A5E00866DAB /* FitTrackerApp.swift in Sources */,
			);
			runOnlyForDeploymentPostprocessing = 0;
		};
		09CF015E2B1D9A5F00866DAB /* Sources */ = {
			isa = PBXSourcesBuildPhase;
			buildActionMask = 2147483647;
			files = (
				09CF01672B1D9A5F00866DAB /* FitTrackerTests.swift in Sources */,
			);
			runOnlyForDeploymentPostprocessing = 0;
		};
		09CF01682B1D9A5F00866DAB /* Sources */ = {
			isa = PBXSourcesBuildPhase;
			buildActionMask = 2147483647;
			files = (
				09CF01712B1D9A5F00866DAB /* FitTrackerUITests.swift in Sources */,
				09CF01732B1D9A5F00866DAB /* FitTrackerUITestsLaunchTests.swift in Sources */,
			);
			runOnlyForDeploymentPostprocessing = 0;
		};
/* End PBXSourcesBuildPhase section */

/* Begin PBXTargetDependency section */
		09CF01642B1D9A5F00866DAB /* PBXTargetDependency */ = {
			isa = PBXTargetDependency;
			target = 09CF01512B1D9A5E00866DAB /* FitTracker */;
			targetProxy = 09CF01632B1D9A5F00866DAB /* PBXContainerItemProxy */;
		};
		09CF016E2B1D9A5F00866DAB /* PBXTargetDependency */ = {
			isa = PBXTargetDependency;
			target = 09CF01512B1D9A5E00866DAB /* FitTracker */;
			targetProxy = 09CF016D2B1D9A5F00866DAB /* PBXContainerItemProxy */;
		};
/* End PBXTargetDependency section */

/* Begin XCBuildConfiguration section */
		09CF01742B1D9A5F00866DAB /* Debug */ = {
			isa = XCBuildConfiguration;
			buildSettings = {
				ALWAYS_SEARCH_USER_PATHS = NO;
				ASSETCATALOG_COMPILER_GENERATE_SWIFT_ASSET_SYMBOL_EXTENSIONS = YES;
				CLANG_ANALYZER_NONNULL = YES;
				CLANG_ANALYZER_NUMBER_OBJECT_CONVERSION = YES_AGGRESSIVE;
				CLANG_CXX_LANGUAGE_STANDARD = "gnu++20";
				CLANG_ENABLE_MODULES = YES;
				CLANG_ENABLE_OBJC_ARC = YES;
				CLANG_ENABLE_OBJC_WEAK = YES;
				CLANG_WARN_BLOCK_CAPTURE_AUTORELEASING = YES;
				CLANG_WARN_BOOL_CONVERSION = YES;
				CLANG_WARN_COMMA = YES;
				CLANG_WARN_CONSTANT_CONVERSION = YES;
				CLANG_WARN_DEPRECATED_OBJC_IMPLEMENTATIONS = YES;
				CLANG_WARN_DIRECT_OBJC_ISA_USAGE = YES_ERROR;
				CLANG_WARN_DOCUMENTATION_COMMENTS = YES;
				CLANG_WARN_EMPTY_BODY = YES;
				CLANG_WARN_ENUM_CONVERSION = YES;
				CLANG_WARN_INFINITE_RECURSION = YES;
				CLANG_WARN_INT_CONVERSION = YES;
				CLANG_WARN_NON_LITERAL_NULL_CONVERSION = YES;
				CLANG_WARN_OBJC_IMPLICIT_RETAIN_SELF = YES;
				CLANG_WARN_OBJC_LITERAL_CONVERSION = YES;
				CLANG_WARN_OBJC_ROOT_CLASS = YES_ERROR;
				CLANG_WARN_QUOTED_INCLUDE_IN_FRAMEWORK_HEADER = YES;
				CLANG_WARN_RANGE_LOOP_ANALYSIS = YES;
				CLANG_WARN_STRICT_PROTOTYPES = YES;
				CLANG_WARN_SUSPICIOUS_MOVE = YES;
				CLANG_WARN_UNGUARDED_AVAILABILITY = YES_AGGRESSIVE;
				CLANG_WARN_UNREACHABLE_CODE = YES;
				CLANG_WARN__DUPLICATE_METHOD_MATCH = YES;
				COPY_PHASE_STRIP = NO;
				DEBUG_INFORMATION_FORMAT = dwarf;
				ENABLE_STRICT_OBJC_MSGSEND = YES;
				ENABLE_TESTABILITY = YES;
				ENABLE_USER_SCRIPT_SANDBOXING = YES;
				GCC_C_LANGUAGE_STANDARD = gnu17;
				GCC_DYNAMIC_NO_PIC = NO;
				GCC_NO_COMMON_BLOCKS = YES;
				GCC_OPTIMIZATION_LEVEL = 0;
				GCC_PREPROCESSOR_DEFINITIONS = (
					"DEBUG=1",
					"$(inherited)",
				);
				GCC_WARN_64_TO_32_BIT_CONVERSION = YES;
				GCC_WARN_ABOUT_RETURN_TYPE = YES_ERROR;
				GCC_WARN_UNDECLARED_SELECTOR = YES;
				GCC_WARN_UNINITIALIZED_AUTOS = YES_AGGRESSIVE;
				GCC_WARN_UNUSED_FUNCTION = YES;
				GCC_WARN_UNUSED_VARIABLE = YES;
				IPHONEOS_DEPLOYMENT_TARGET = 17.0;
				LOCALIZATION_PREFERS_STRING_CATALOGS = YES;
				MTL_ENABLE_DEBUG_INFO = INCLUDE_SOURCE;
				MTL_FAST_MATH = YES;
				ONLY_ACTIVE_ARCH = YES;
				SDKROOT = iphoneos;
				SWIFT_ACTIVE_COMPILATION_CONDITIONS = "DEBUG $(inherited)";
				SWIFT_OPTIMIZATION_LEVEL = "-Onone";
			};
			name = Debug;
		};
		09CF01752B1D9A5F00866DAB /* Release */ = {
			isa = XCBuildConfiguration;
			buildSettings = {
				ALWAYS_SEARCH_USER_PATHS = NO;
				ASSETCATALOG_COMPILER_GENERATE_SWIFT_ASSET_SYMBOL_EXTENSIONS = YES;
				CLANG_ANALYZER_NONNULL = YES;
				CLANG_ANALYZER_NUMBER_OBJECT_CONVERSION = YES_AGGRESSIVE;
				CLANG_CXX_LANGUAGE_STANDARD = "gnu++20";
				CLANG_ENABLE_MODULES = YES;
				CLANG_ENABLE_OBJC_ARC = YES;
				CLANG_ENABLE_OBJC_WEAK = YES;
				CLANG_WARN_BLOCK_CAPTURE_AUTORELEASING = YES;
				CLANG_WARN_BOOL_CONVERSION = YES;
				CLANG_WARN_COMMA = YES;
				CLANG_WARN_CONSTANT_CONVERSION = YES;
				CLANG_WARN_DEPRECATED_OBJC_IMPLEMENTATIONS = YES;
				CLANG_WARN_DIRECT_OBJC_ISA_USAGE = YES_ERROR;
				CLANG_WARN_DOCUMENTATION_COMMENTS = YES;
				CLANG_WARN_EMPTY_BODY = YES;
				CLANG_WARN_ENUM_CONVERSION = YES;
				CLANG_WARN_INFINITE_RECURSION = YES;
				CLANG_WARN_INT_CONVERSION = YES;
				CLANG_WARN_NON_LITERAL_NULL_CONVERSION = YES;
				CLANG_WARN_OBJC_IMPLICIT_RETAIN_SELF = YES;
				CLANG_WARN_OBJC_LITERAL_CONVERSION = YES;
				CLANG_WARN_OBJC_ROOT_CLASS = YES_ERROR;
				CLANG_WARN_QUOTED_INCLUDE_IN_FRAMEWORK_HEADER = YES;
				CLANG_WARN_RANGE_LOOP_ANALYSIS = YES;
				CLANG_WARN_STRICT_PROTOTYPES = YES;
				CLANG_WARN_SUSPICIOUS_MOVE = YES;
				CLANG_WARN_UNGUARDED_AVAILABILITY = YES_AGGRESSIVE;
				CLANG_WARN_UNREACHABLE_CODE = YES;
				CLANG_WARN__DUPLICATE_METHOD_MATCH = YES;
				COPY_PHASE_STRIP = NO;
				DEBUG_INFORMATION_FORMAT = "dwarf-with-dsym";
				ENABLE_NS_ASSERTIONS = NO;
				ENABLE_STRICT_OBJC_MSGSEND = YES;
				ENABLE_USER_SCRIPT_SANDBOXING = YES;
				GCC_C_LANGUAGE_STANDARD = gnu17;
				GCC_NO_COMMON_BLOCKS = YES;
				GCC_WARN_64_TO_32_BIT_CONVERSION = YES;
				GCC_WARN_ABOUT_RETURN_TYPE = YES_ERROR;
				GCC_WARN_UNDECLARED_SELECTOR = YES;
				GCC_WARN_UNINITIALIZED_AUTOS = YES_AGGRESSIVE;
				GCC_WARN_UNUSED_FUNCTION = YES;
				GCC_WARN_UNUSED_VARIABLE = YES;
				IPHONEOS_DEPLOYMENT_TARGET = 17.0;
				LOCALIZATION_PREFERS_STRING_CATALOGS = YES;
				MTL_ENABLE_DEBUG_INFO = NO;
				MTL_FAST_MATH = YES;
				SDKROOT = iphoneos;
				SWIFT_COMPILATION_MODE = wholemodule;
				VALIDATE_PRODUCT = YES;
			};
			name = Release;
		};
		09CF01772B1D9A5F00866DAB /* Debug */ = {
			isa = XCBuildConfiguration;
			buildSettings = {
				ASSETCATALOG_COMPILER_APPICON_NAME = AppIcon;
				ASSETCATALOG_COMPILER_GLOBAL_ACCENT_COLOR_NAME = AccentColor;
				CODE_SIGN_STYLE = Automatic;
				CURRENT_PROJECT_VERSION = 1;
				DEVELOPMENT_ASSET_PATHS = "\"FitTracker/Preview Content\"";
				ENABLE_PREVIEWS = YES;
				GENERATE_INFOPLIST_FILE = YES;
				INFOPLIST_KEY_UIApplicationSceneManifest_Generation = YES;
				INFOPLIST_KEY_UIApplicationSupportsIndirectInputEvents = YES;
				INFOPLIST_KEY_UILaunchScreen_Generation = YES;
				INFOPLIST_KEY_UISupportedInterfaceOrientations_iPad = "UIInterfaceOrientationPortrait UIInterfaceOrientationPortraitUpsideDown UIInterfaceOrientationLandscapeLeft UIInterfaceOrientationLandscapeRight";
				INFOPLIST_KEY_UISupportedInterfaceOrientations_iPhone = "UIInterfaceOrientationPortrait UIInterfaceOrientationLandscapeLeft UIInterfaceOrientationLandscapeRight";
				LD_RUNPATH_SEARCH_PATHS = (
					"$(inherited)",
					"@executable_path/Frameworks",
				);
				MARKETING_VERSION = 1.0;
				PRODUCT_BUNDLE_IDENTIFIER = Swifties.FitTracker;
				PRODUCT_NAME = "$(TARGET_NAME)";
				SWIFT_EMIT_LOC_STRINGS = YES;
				SWIFT_VERSION = 5.0;
				TARGETED_DEVICE_FAMILY = "1,2";
			};
			name = Debug;
		};
		09CF01782B1D9A5F00866DAB /* Release */ = {
			isa = XCBuildConfiguration;
			buildSettings = {
				ASSETCATALOG_COMPILER_APPICON_NAME = AppIcon;
				ASSETCATALOG_COMPILER_GLOBAL_ACCENT_COLOR_NAME = AccentColor;
				CODE_SIGN_STYLE = Automatic;
				CURRENT_PROJECT_VERSION = 1;
				DEVELOPMENT_ASSET_PATHS = "\"FitTracker/Preview Content\"";
				ENABLE_PREVIEWS = YES;
				GENERATE_INFOPLIST_FILE = YES;
				INFOPLIST_KEY_UIApplicationSceneManifest_Generation = YES;
				INFOPLIST_KEY_UIApplicationSupportsIndirectInputEvents = YES;
				INFOPLIST_KEY_UILaunchScreen_Generation = YES;
				INFOPLIST_KEY_UISupportedInterfaceOrientations_iPad = "UIInterfaceOrientationPortrait UIInterfaceOrientationPortraitUpsideDown UIInterfaceOrientationLandscapeLeft UIInterfaceOrientationLandscapeRight";
				INFOPLIST_KEY_UISupportedInterfaceOrientations_iPhone = "UIInterfaceOrientationPortrait UIInterfaceOrientationLandscapeLeft UIInterfaceOrientationLandscapeRight";
				LD_RUNPATH_SEARCH_PATHS = (
					"$(inherited)",
					"@executable_path/Frameworks",
				);
				MARKETING_VERSION = 1.0;
				PRODUCT_BUNDLE_IDENTIFIER = Swifties.FitTracker;
				PRODUCT_NAME = "$(TARGET_NAME)";
				SWIFT_EMIT_LOC_STRINGS = YES;
				SWIFT_VERSION = 5.0;
				TARGETED_DEVICE_FAMILY = "1,2";
			};
			name = Release;
		};
		09CF017A2B1D9A5F00866DAB /* Debug */ = {
			isa = XCBuildConfiguration;
			buildSettings = {
				ALWAYS_EMBED_SWIFT_STANDARD_LIBRARIES = YES;
				BUNDLE_LOADER = "$(TEST_HOST)";
				CODE_SIGN_STYLE = Automatic;
				CURRENT_PROJECT_VERSION = 1;
				GENERATE_INFOPLIST_FILE = YES;
				IPHONEOS_DEPLOYMENT_TARGET = 17.0;
				MARKETING_VERSION = 1.0;
				PRODUCT_BUNDLE_IDENTIFIER = Swifties.FitTrackerTests;
				PRODUCT_NAME = "$(TARGET_NAME)";
				SWIFT_EMIT_LOC_STRINGS = NO;
				SWIFT_VERSION = 5.0;
				TARGETED_DEVICE_FAMILY = "1,2";
				TEST_HOST = "$(BUILT_PRODUCTS_DIR)/FitTracker.app/$(BUNDLE_EXECUTABLE_FOLDER_PATH)/FitTracker";
			};
			name = Debug;
		};
		09CF017B2B1D9A5F00866DAB /* Release */ = {
			isa = XCBuildConfiguration;
			buildSettings = {
				ALWAYS_EMBED_SWIFT_STANDARD_LIBRARIES = YES;
				BUNDLE_LOADER = "$(TEST_HOST)";
				CODE_SIGN_STYLE = Automatic;
				CURRENT_PROJECT_VERSION = 1;
				GENERATE_INFOPLIST_FILE = YES;
				IPHONEOS_DEPLOYMENT_TARGET = 17.0;
				MARKETING_VERSION = 1.0;
				PRODUCT_BUNDLE_IDENTIFIER = Swifties.FitTrackerTests;
				PRODUCT_NAME = "$(TARGET_NAME)";
				SWIFT_EMIT_LOC_STRINGS = NO;
				SWIFT_VERSION = 5.0;
				TARGETED_DEVICE_FAMILY = "1,2";
				TEST_HOST = "$(BUILT_PRODUCTS_DIR)/FitTracker.app/$(BUNDLE_EXECUTABLE_FOLDER_PATH)/FitTracker";
			};
			name = Release;
		};
		09CF017D2B1D9A5F00866DAB /* Debug */ = {
			isa = XCBuildConfiguration;
			buildSettings = {
				ALWAYS_EMBED_SWIFT_STANDARD_LIBRARIES = YES;
				CODE_SIGN_STYLE = Automatic;
				CURRENT_PROJECT_VERSION = 1;
				GENERATE_INFOPLIST_FILE = YES;
				MARKETING_VERSION = 1.0;
				PRODUCT_BUNDLE_IDENTIFIER = Swifties.FitTrackerUITests;
				PRODUCT_NAME = "$(TARGET_NAME)";
				SWIFT_EMIT_LOC_STRINGS = NO;
				SWIFT_VERSION = 5.0;
				TARGETED_DEVICE_FAMILY = "1,2";
				TEST_TARGET_NAME = FitTracker;
			};
			name = Debug;
		};
		09CF017E2B1D9A5F00866DAB /* Release */ = {
			isa = XCBuildConfiguration;
			buildSettings = {
				ALWAYS_EMBED_SWIFT_STANDARD_LIBRARIES = YES;
				CODE_SIGN_STYLE = Automatic;
				CURRENT_PROJECT_VERSION = 1;
				GENERATE_INFOPLIST_FILE = YES;
				MARKETING_VERSION = 1.0;
				PRODUCT_BUNDLE_IDENTIFIER = Swifties.FitTrackerUITests;
				PRODUCT_NAME = "$(TARGET_NAME)";
				SWIFT_EMIT_LOC_STRINGS = NO;
				SWIFT_VERSION = 5.0;
				TARGETED_DEVICE_FAMILY = "1,2";
				TEST_TARGET_NAME = FitTracker;
			};
			name = Release;
		};
/* End XCBuildConfiguration section */

/* Begin XCConfigurationList section */
		09CF014D2B1D9A5E00866DAB /* Build configuration list for PBXProject "FitTracker" */ = {
			isa = XCConfigurationList;
			buildConfigurations = (
				09CF01742B1D9A5F00866DAB /* Debug */,
				09CF01752B1D9A5F00866DAB /* Release */,
			);
			defaultConfigurationIsVisible = 0;
			defaultConfigurationName = Release;
		};
		09CF01762B1D9A5F00866DAB /* Build configuration list for PBXNativeTarget "FitTracker" */ = {
			isa = XCConfigurationList;
			buildConfigurations = (
				09CF01772B1D9A5F00866DAB /* Debug */,
				09CF01782B1D9A5F00866DAB /* Release */,
			);
			defaultConfigurationIsVisible = 0;
			defaultConfigurationName = Release;
		};
		09CF01792B1D9A5F00866DAB /* Build configuration list for PBXNativeTarget "FitTrackerTests" */ = {
			isa = XCConfigurationList;
			buildConfigurations = (
				09CF017A2B1D9A5F00866DAB /* Debug */,
				09CF017B2B1D9A5F00866DAB /* Release */,
			);
			defaultConfigurationIsVisible = 0;
			defaultConfigurationName = Release;
		};
		09CF017C2B1D9A5F00866DAB /* Build configuration list for PBXNativeTarget "FitTrackerUITests" */ = {
			isa = XCConfigurationList;
			buildConfigurations = (
				09CF017D2B1D9A5F00866DAB /* Debug */,
				09CF017E2B1D9A5F00866DAB /* Release */,
			);
			defaultConfigurationIsVisible = 0;
			defaultConfigurationName = Release;
		};
/* End XCConfigurationList section */
	};
	rootObject = 09CF014A2B1D9A5E00866DAB /* Project object */;
}
